
Microsoft Visual Studio Solution File, Format Version 12.00
# Visual Studio 15
VisualStudioVersion = 15.0.26730.12
MinimumVisualStudioVersion = 10.0.40219.1
Project("{FAE04EC0-301F-11D3-BF4B-00C04F79EFBC}") = "DemoForm", "DemoForm\DemoForm.csproj", "{CEBAA8D8-9201-4344-969C-09175D38660E}"
EndProject
Global
	GlobalSection(SolutionConfigurationPlatforms) = preSolution
		Debug|Any CPU = Debug|Any CPU
		Release|Any CPU = Release|Any CPU
	EndGlobalSection
	GlobalSection(ProjectConfigurationPlatforms) = postSolution
		{CEBAA8D8-9201-4344-969C-09175D38660E}.Debug|Any CPU.ActiveCfg = Debug|Any CPU
		{CEBAA8D8-9201-4344-969C-09175D38660E}.Debug|Any CPU.Build.0 = Debug|Any CPU
		{CEBAA8D8-9201-4344-969C-09175D38660E}.Release|Any CPU.ActiveCfg = Release|Any CPU
		{CEBAA8D8-9201-4344-969C-09175D38660E}.Release|Any CPU.Build.0 = Release|Any CPU
	EndGlobalSection
	GlobalSection(SolutionProperties) = preSolution
		HideSolutionNode = FALSE
	EndGlobalSection
	GlobalSection(ExtensibilityGlobals) = postSolution
		SolutionGuid = {188F7997-0028-4349-8BAD-03614F93730F}
	EndGlobalSection
EndGlobal
